# This file is generated by running "yarn install" inside your project.
# Manual changes might be lost - proceed with caution!

__metadata:
  version: 8
  cacheKey: 10c0

"@eslint-community/eslint-utils@npm:^4.2.0":
  version: 4.6.1
  resolution: "@eslint-community/eslint-utils@npm:4.6.1"
  dependencies:
    eslint-visitor-keys: "npm:^3.4.3"
  peerDependencies:
    eslint: ^6.0.0 || ^7.0.0 || >=8.0.0
  checksum: 10c0/cdeb6f8fc33a83726357d7f736075cdbd6e79dc7ac4b00b15680f1111d0f33bda583e7fafa5937245a058cc66302dc47568bba57b251302dc74964d8e87f56d7
  languageName: node
  linkType: hard

"@eslint-community/regexpp@npm:^4.12.1":
  version: 4.12.1
  resolution: "@eslint-community/regexpp@npm:4.12.1"
  checksum: 10c0/a03d98c246bcb9109aec2c08e4d10c8d010256538dcb3f56610191607214523d4fb1b00aa81df830b6dffb74c5fa0be03642513a289c567949d3e550ca11cdf6
  languageName: node
  linkType: hard

"@eslint-interactive-monorepo-demo/a@workspace:packages/a":
  version: 0.0.0-use.local
  resolution: "@eslint-interactive-monorepo-demo/a@workspace:packages/a"
  dependencies:
    eslint: "npm:^9.25.1"
  languageName: unknown
  linkType: soft

"@eslint-interactive-monorepo-demo/b@workspace:packages/b":
  version: 0.0.0-use.local
  resolution: "@eslint-interactive-monorepo-demo/b@workspace:packages/b"
  dependencies:
    eslint: "npm:^9.25.1"
  languageName: unknown
  linkType: soft

"@eslint-interactive-monorepo-demo/c@workspace:packages/c":
  version: 0.0.0-use.local
  resolution: "@eslint-interactive-monorepo-demo/c@workspace:packages/c"
  dependencies:
    eslint: "npm:^9.25.1"
  languageName: unknown
  linkType: soft

"@eslint/config-array@npm:^0.20.0":
  version: 0.20.0
  resolution: "@eslint/config-array@npm:0.20.0"
  dependencies:
    "@eslint/object-schema": "npm:^2.1.6"
    debug: "npm:^4.3.1"
    minimatch: "npm:^3.1.2"
  checksum: 10c0/94bc5d0abb96dc5295ff559925242ff75a54eacfb3576677e95917e42f7175e1c4b87bf039aa2a872f949b4852ad9724bf2f7529aaea6b98f28bb3fca7f1d659
  languageName: node
  linkType: hard

"@eslint/config-helpers@npm:^0.2.1":
  version: 0.2.1
  resolution: "@eslint/config-helpers@npm:0.2.1"
  checksum: 10c0/3e829a78b0bb4f7c44384ba1df3986e5de24b7f440ad5c6bb3cfc366ded773a869ca9ee8d212b5a563ae94596c5940dea6fd2ea1ee53a84c6241ac953dcb8bb7
  languageName: node
  linkType: hard

"@eslint/core@npm:^0.13.0":
  version: 0.13.0
  resolution: "@eslint/core@npm:0.13.0"
  dependencies:
    "@types/json-schema": "npm:^7.0.15"
  checksum: 10c0/ba724a7df7ed9dab387481f11d0d0f708180f40be93acce2c21dacca625c5867de3528760c42f1c457ccefe6a669d525ff87b779017eabc0d33479a36300797b
  languageName: node
  linkType: hard

"@eslint/eslintrc@npm:^3.3.1":
  version: 3.3.1
  resolution: "@eslint/eslintrc@npm:3.3.1"
  dependencies:
    ajv: "npm:^6.12.4"
    debug: "npm:^4.3.2"
    espree: "npm:^10.0.1"
    globals: "npm:^14.0.0"
    ignore: "npm:^5.2.0"
    import-fresh: "npm:^3.2.1"
    js-yaml: "npm:^4.1.0"
    minimatch: "npm:^3.1.2"
    strip-json-comments: "npm:^3.1.1"
  checksum: 10c0/b0e63f3bc5cce4555f791a4e487bf999173fcf27c65e1ab6e7d63634d8a43b33c3693e79f192cbff486d7df1be8ebb2bd2edc6e70ddd486cbfa84a359a3e3b41
  languageName: node
  linkType: hard

"@eslint/js@npm:9.25.1":
  version: 9.25.1
  resolution: "@eslint/js@npm:9.25.1"
  checksum: 10c0/87d86b512ab109bfd3b9317ced3220ea3d444ac3bfa7abd853ca7f724d72c36e213062f9def16a632365d97dc29e0094312e3682a9767590ee6f43b3d5d873fd
  languageName: node
  linkType: hard

"@eslint/object-schema@npm:^2.1.6":
  version: 2.1.6
  resolution: "@eslint/object-schema@npm:2.1.6"
  checksum: 10c0/b8cdb7edea5bc5f6a96173f8d768d3554a628327af536da2fc6967a93b040f2557114d98dbcdbf389d5a7b290985ad6a9ce5babc547f36fc1fde42e674d11a56
  languageName: node
  linkType: hard

"@eslint/plugin-kit@npm:^0.2.8":
  version: 0.2.8
  resolution: "@eslint/plugin-kit@npm:0.2.8"
  dependencies:
    "@eslint/core": "npm:^0.13.0"
    levn: "npm:^0.4.1"
  checksum: 10c0/554847c8f2b6bfe0e634f317fc43d0b54771eea0015c4f844f75915fdb9e6170c830c004291bad57db949d61771732e459f36ed059f45cf750af223f77357c5c
  languageName: node
  linkType: hard

"@humanfs/core@npm:^0.19.1":
  version: 0.19.1
  resolution: "@humanfs/core@npm:0.19.1"
  checksum: 10c0/aa4e0152171c07879b458d0e8a704b8c3a89a8c0541726c6b65b81e84fd8b7564b5d6c633feadc6598307d34564bd53294b533491424e8e313d7ab6c7bc5dc67
  languageName: node
  linkType: hard

"@humanfs/node@npm:^0.16.6":
  version: 0.16.6
  resolution: "@humanfs/node@npm:0.16.6"
  dependencies:
    "@humanfs/core": "npm:^0.19.1"
    "@humanwhocodes/retry": "npm:^0.3.0"
  checksum: 10c0/8356359c9f60108ec204cbd249ecd0356667359b2524886b357617c4a7c3b6aace0fd5a369f63747b926a762a88f8a25bc066fa1778508d110195ce7686243e1
  languageName: node
  linkType: hard

"@humanwhocodes/module-importer@npm:^1.0.1":
  version: 1.0.1
  resolution: "@humanwhocodes/module-importer@npm:1.0.1"
  checksum: 10c0/909b69c3b86d482c26b3359db16e46a32e0fb30bd306a3c176b8313b9e7313dba0f37f519de6aa8b0a1921349e505f259d19475e123182416a506d7f87e7f529
  languageName: node
  linkType: hard

"@humanwhocodes/retry@npm:^0.3.0":
  version: 0.3.1
  resolution: "@humanwhocodes/retry@npm:0.3.1"
  checksum: 10c0/f0da1282dfb45e8120480b9e2e275e2ac9bbe1cf016d046fdad8e27cc1285c45bb9e711681237944445157b430093412b4446c1ab3fc4bb037861b5904101d3b
  languageName: node
  linkType: hard

"@humanwhocodes/retry@npm:^0.4.2":
  version: 0.4.2
  resolution: "@humanwhocodes/retry@npm:0.4.2"
  checksum: 10c0/0235525d38f243bee3bf8b25ed395fbf957fb51c08adae52787e1325673071abe856c7e18e530922ed2dd3ce12ed82ba01b8cee0279ac52a3315fcdc3a69ef0c
  languageName: node
  linkType: hard

"@types/estree@npm:^1.0.6":
  version: 1.0.7
  resolution: "@types/estree@npm:1.0.7"
  checksum: 10c0/be815254316882f7c40847336cd484c3bc1c3e34f710d197160d455dc9d6d050ffbf4c3bc76585dba86f737f020ab20bdb137ebe0e9116b0c86c7c0342221b8c
  languageName: node
  linkType: hard

"@types/json-schema@npm:^7.0.15":
  version: 7.0.15
  resolution: "@types/json-schema@npm:7.0.15"
  checksum: 10c0/a996a745e6c5d60292f36731dd41341339d4eeed8180bb09226e5c8d23759067692b1d88e5d91d72ee83dfc00d3aca8e7bd43ea120516c17922cbcb7c3e252db
  languageName: node
  linkType: hard

"acorn-jsx@npm:^5.3.2":
  version: 5.3.2
  resolution: "acorn-jsx@npm:5.3.2"
  peerDependencies:
    acorn: ^6.0.0 || ^7.0.0 || ^8.0.0
  checksum: 10c0/4c54868fbef3b8d58927d5e33f0a4de35f59012fe7b12cf9dfbb345fb8f46607709e1c4431be869a23fb63c151033d84c4198fa9f79385cec34fcb1dd53974c1
  languageName: node
  linkType: hard

"acorn@npm:^8.14.0":
  version: 8.14.1
  resolution: "acorn@npm:8.14.1"
  bin:
    acorn: bin/acorn
  checksum: 10c0/dbd36c1ed1d2fa3550140000371fcf721578095b18777b85a79df231ca093b08edc6858d75d6e48c73e431c174dcf9214edbd7e6fa5911b93bd8abfa54e47123
  languageName: node
  linkType: hard

"ajv@npm:^6.12.4":
  version: 6.12.6
  resolution: "ajv@npm:6.12.6"
  dependencies:
    fast-deep-equal: "npm:^3.1.1"
    fast-json-stable-stringify: "npm:^2.0.0"
    json-schema-traverse: "npm:^0.4.1"
    uri-js: "npm:^4.2.2"
  checksum: 10c0/41e23642cbe545889245b9d2a45854ebba51cda6c778ebced9649420d9205f2efb39cb43dbc41e358409223b1ea43303ae4839db682c848b891e4811da1a5a71
  languageName: node
  linkType: hard

"ajv@npm:^8.0.1":
  version: 8.17.1
  resolution: "ajv@npm:8.17.1"
  dependencies:
    fast-deep-equal: "npm:^3.1.3"
    fast-uri: "npm:^3.0.1"
    json-schema-traverse: "npm:^1.0.0"
    require-from-string: "npm:^2.0.2"
  checksum: 10c0/ec3ba10a573c6b60f94639ffc53526275917a2df6810e4ab5a6b959d87459f9ef3f00d5e7865b82677cb7d21590355b34da14d1d0b9c32d75f95a187e76fff35
  languageName: node
  linkType: hard

"ansi-align@npm:^3.0.1":
  version: 3.0.1
  resolution: "ansi-align@npm:3.0.1"
  dependencies:
    string-width: "npm:^4.1.0"
  checksum: 10c0/ad8b755a253a1bc8234eb341e0cec68a857ab18bf97ba2bda529e86f6e30460416523e0ec58c32e5c21f0ca470d779503244892873a5895dbd0c39c788e82467
  languageName: node
  linkType: hard

"ansi-colors@npm:^4.1.1":
  version: 4.1.3
  resolution: "ansi-colors@npm:4.1.3"
  checksum: 10c0/ec87a2f59902f74e61eada7f6e6fe20094a628dab765cfdbd03c3477599368768cffccdb5d3bb19a1b6c99126783a143b1fee31aab729b31ffe5836c7e5e28b9
  languageName: node
  linkType: hard

"ansi-escapes@npm:^5.0.0":
  version: 5.0.0
  resolution: "ansi-escapes@npm:5.0.0"
  dependencies:
    type-fest: "npm:^1.0.2"
  checksum: 10c0/f705cc7fbabb981ddf51562cd950792807bccd7260cc3d9478a619dda62bff6634c87ca100f2545ac7aade9b72652c4edad8c7f0d31a0b949b5fa58f33eaf0d0
  languageName: node
  linkType: hard

"ansi-regex@npm:^5.0.1":
  version: 5.0.1
  resolution: "ansi-regex@npm:5.0.1"
  checksum: 10c0/9a64bb8627b434ba9327b60c027742e5d17ac69277960d041898596271d992d4d52ba7267a63ca10232e29f6107fc8a835f6ce8d719b88c5f8493f8254813737
  languageName: node
  linkType: hard

"ansi-regex@npm:^6.0.1":
  version: 6.1.0
  resolution: "ansi-regex@npm:6.1.0"
  checksum: 10c0/a91daeddd54746338478eef88af3439a7edf30f8e23196e2d6ed182da9add559c601266dbef01c2efa46a958ad6f1f8b176799657616c702b5b02e799e7fd8dc
  languageName: node
  linkType: hard

"ansi-styles@npm:^4.0.0, ansi-styles@npm:^4.1.0":
  version: 4.3.0
  resolution: "ansi-styles@npm:4.3.0"
  dependencies:
    color-convert: "npm:^2.0.1"
  checksum: 10c0/895a23929da416f2bd3de7e9cb4eabd340949328ab85ddd6e484a637d8f6820d485f53933446f5291c3b760cbc488beb8e88573dd0f9c7daf83dccc8fe81b041
  languageName: node
  linkType: hard

"ansi-styles@npm:^6.2.1":
  version: 6.2.1
  resolution: "ansi-styles@npm:6.2.1"
  checksum: 10c0/5d1ec38c123984bcedd996eac680d548f31828bd679a66db2bdf11844634dde55fec3efa9c6bb1d89056a5e79c1ac540c4c784d592ea1d25028a92227d2f2d5c
  languageName: node
  linkType: hard

"argparse@npm:^2.0.1":
  version: 2.0.1
  resolution: "argparse@npm:2.0.1"
  checksum: 10c0/c5640c2d89045371c7cedd6a70212a04e360fd34d6edeae32f6952c63949e3525ea77dbec0289d8213a99bbaeab5abfa860b5c12cf88a2e6cf8106e90dd27a7e
  languageName: node
  linkType: hard

"astral-regex@npm:^2.0.0":
  version: 2.0.0
  resolution: "astral-regex@npm:2.0.0"
  checksum: 10c0/f63d439cc383db1b9c5c6080d1e240bd14dae745f15d11ec5da863e182bbeca70df6c8191cffef5deba0b566ef98834610a68be79ac6379c95eeb26e1b310e25
  languageName: node
  linkType: hard

"balanced-match@npm:^1.0.0":
  version: 1.0.2
  resolution: "balanced-match@npm:1.0.2"
  checksum: 10c0/9308baf0a7e4838a82bbfd11e01b1cb0f0cf2893bc1676c27c2a8c0e70cbae1c59120c3268517a8ae7fb6376b4639ef81ca22582611dbee4ed28df945134aaee
  languageName: node
  linkType: hard

"boxen@npm:^8.0.1":
  version: 8.0.1
  resolution: "boxen@npm:8.0.1"
  dependencies:
    ansi-align: "npm:^3.0.1"
    camelcase: "npm:^8.0.0"
    chalk: "npm:^5.3.0"
    cli-boxes: "npm:^3.0.0"
    string-width: "npm:^7.2.0"
    type-fest: "npm:^4.21.0"
    widest-line: "npm:^5.0.0"
    wrap-ansi: "npm:^9.0.0"
  checksum: 10c0/8c54f9797bf59eec0b44c9043d9cb5d5b2783dc673e4650235e43a5155c43334e78ec189fd410cf92056c1054aee3758279809deed115b49e68f1a1c6b3faa32
  languageName: node
  linkType: hard

"brace-expansion@npm:^1.1.7":
  version: 1.1.11
  resolution: "brace-expansion@npm:1.1.11"
  dependencies:
    balanced-match: "npm:^1.0.0"
    concat-map: "npm:0.0.1"
  checksum: 10c0/695a56cd058096a7cb71fb09d9d6a7070113c7be516699ed361317aca2ec169f618e28b8af352e02ab4233fb54eb0168460a40dc320bab0034b36ab59aaad668
  languageName: node
  linkType: hard

"callsites@npm:^3.0.0":
  version: 3.1.0
  resolution: "callsites@npm:3.1.0"
  checksum: 10c0/fff92277400eb06c3079f9e74f3af120db9f8ea03bad0e84d9aede54bbe2d44a56cccb5f6cf12211f93f52306df87077ecec5b712794c5a9b5dac6d615a3f301
  languageName: node
  linkType: hard

"camelcase@npm:^8.0.0":
  version: 8.0.0
  resolution: "camelcase@npm:8.0.0"
  checksum: 10c0/56c5fe072f0523c9908cdaac21d4a3b3fb0f608fb2e9ba90a60e792b95dd3bb3d1f3523873ab17d86d146e94171305f73ef619e2f538bd759675bc4a14b4bff3
  languageName: node
  linkType: hard

"chalk@npm:^4.0.0":
  version: 4.1.2
  resolution: "chalk@npm:4.1.2"
  dependencies:
    ansi-styles: "npm:^4.1.0"
    supports-color: "npm:^7.1.0"
  checksum: 10c0/4a3fef5cc34975c898ffe77141450f679721df9dde00f6c304353fa9c8b571929123b26a0e4617bde5018977eb655b31970c297b91b63ee83bb82aeb04666880
  languageName: node
  linkType: hard

"chalk@npm:^5.3.0":
  version: 5.4.1
  resolution: "chalk@npm:5.4.1"
  checksum: 10c0/b23e88132c702f4855ca6d25cb5538b1114343e41472d5263ee8a37cccfccd9c4216d111e1097c6a27830407a1dc81fecdf2a56f2c63033d4dbbd88c10b0dcef
  languageName: node
  linkType: hard

"cli-boxes@npm:^3.0.0":
  version: 3.0.0
  resolution: "cli-boxes@npm:3.0.0"
  checksum: 10c0/4db3e8fbfaf1aac4fb3a6cbe5a2d3fa048bee741a45371b906439b9ffc821c6e626b0f108bdcd3ddf126a4a319409aedcf39a0730573ff050fdd7b6731e99fb9
  languageName: node
  linkType: hard

"cli-cursor@npm:^5.0.0":
  version: 5.0.0
  resolution: "cli-cursor@npm:5.0.0"
  dependencies:
    restore-cursor: "npm:^5.0.0"
  checksum: 10c0/7ec62f69b79f6734ab209a3e4dbdc8af7422d44d360a7cb1efa8a0887bbe466a6e625650c466fe4359aee44dbe2dc0b6994b583d40a05d0808a5cb193641d220
  languageName: node
  linkType: hard

"cli-spinners@npm:^2.9.2":
  version: 2.9.2
  resolution: "cli-spinners@npm:2.9.2"
  checksum: 10c0/907a1c227ddf0d7a101e7ab8b300affc742ead4b4ebe920a5bf1bc6d45dce2958fcd195eb28fa25275062fe6fa9b109b93b63bc8033396ed3bcb50297008b3a3
  languageName: node
  linkType: hard

"color-convert@npm:^2.0.1":
  version: 2.0.1
  resolution: "color-convert@npm:2.0.1"
  dependencies:
    color-name: "npm:~1.1.4"
  checksum: 10c0/37e1150172f2e311fe1b2df62c6293a342ee7380da7b9cfdba67ea539909afbd74da27033208d01d6d5cfc65ee7868a22e18d7e7648e004425441c0f8a15a7d7
  languageName: node
  linkType: hard

"color-name@npm:~1.1.4":
  version: 1.1.4
  resolution: "color-name@npm:1.1.4"
  checksum: 10c0/a1a3f914156960902f46f7f56bc62effc6c94e84b2cae157a526b1c1f74b677a47ec602bf68a61abfa2b42d15b7c5651c6dbe72a43af720bc588dff885b10f95
  languageName: node
  linkType: hard

"comlink@npm:^4.4.1":
  version: 4.4.2
  resolution: "comlink@npm:4.4.2"
  checksum: 10c0/38aa1f455cf08e94aaa8fc494fd203cc0ef02ece6c21404b7931ce17567e8a72deacddab98aa5650cfd78332ff24c34610586f6fb27fd19dc77e753ed1980deb
  languageName: node
  linkType: hard

"common-path-prefix@npm:^3.0.0":
  version: 3.0.0
  resolution: "common-path-prefix@npm:3.0.0"
  checksum: 10c0/c4a74294e1b1570f4a8ab435285d185a03976c323caa16359053e749db4fde44e3e6586c29cd051100335e11895767cbbd27ea389108e327d62f38daf4548fdb
  languageName: node
  linkType: hard

"concat-map@npm:0.0.1":
  version: 0.0.1
  resolution: "concat-map@npm:0.0.1"
  checksum: 10c0/c996b1cfdf95b6c90fee4dae37e332c8b6eb7d106430c17d538034c0ad9a1630cb194d2ab37293b1bdd4d779494beee7786d586a50bd9376fd6f7bcc2bd4c98f
  languageName: node
  linkType: hard

"cross-spawn@npm:^7.0.6":
  version: 7.0.6
  resolution: "cross-spawn@npm:7.0.6"
  dependencies:
    path-key: "npm:^3.1.0"
    shebang-command: "npm:^2.0.0"
    which: "npm:^2.0.1"
  checksum: 10c0/053ea8b2135caff68a9e81470e845613e374e7309a47731e81639de3eaeb90c3d01af0e0b44d2ab9d50b43467223b88567dfeb3262db942dc063b9976718ffc1
  languageName: node
  linkType: hard

"debug@npm:^4.3.1, debug@npm:^4.3.2":
  version: 4.4.0
  resolution: "debug@npm:4.4.0"
  dependencies:
    ms: "npm:^2.1.3"
  peerDependenciesMeta:
    supports-color:
      optional: true
  checksum: 10c0/db94f1a182bf886f57b4755f85b3a74c39b5114b9377b7ab375dc2cfa3454f09490cc6c30f829df3fc8042bc8b8995f6567ce5cd96f3bc3688bd24027197d9de
  languageName: node
  linkType: hard

"deep-is@npm:^0.1.3":
  version: 0.1.4
  resolution: "deep-is@npm:0.1.4"
  checksum: 10c0/7f0ee496e0dff14a573dc6127f14c95061b448b87b995fc96c017ce0a1e66af1675e73f1d6064407975bc4ea6ab679497a29fff7b5b9c4e99cb10797c1ad0b4c
  languageName: node
  linkType: hard

"emoji-regex@npm:^10.3.0":
  version: 10.4.0
  resolution: "emoji-regex@npm:10.4.0"
  checksum: 10c0/a3fcedfc58bfcce21a05a5f36a529d81e88d602100145fcca3dc6f795e3c8acc4fc18fe773fbf9b6d6e9371205edb3afa2668ec3473fa2aa7fd47d2a9d46482d
  languageName: node
  linkType: hard

"emoji-regex@npm:^8.0.0":
  version: 8.0.0
  resolution: "emoji-regex@npm:8.0.0"
  checksum: 10c0/b6053ad39951c4cf338f9092d7bfba448cdfd46fe6a2a034700b149ac9ffbc137e361cbd3c442297f86bed2e5f7576c1b54cc0a6bf8ef5106cc62f496af35010
  languageName: node
  linkType: hard

"enquirer@npm:^2.4.1":
  version: 2.4.1
  resolution: "enquirer@npm:2.4.1"
  dependencies:
    ansi-colors: "npm:^4.1.1"
    strip-ansi: "npm:^6.0.1"
  checksum: 10c0/43850479d7a51d36a9c924b518dcdc6373b5a8ae3401097d336b7b7e258324749d0ad37a1fcaa5706f04799baa05585cd7af19ebdf7667673e7694435fcea918
  languageName: node
  linkType: hard

"escape-string-regexp@npm:^4.0.0":
  version: 4.0.0
  resolution: "escape-string-regexp@npm:4.0.0"
  checksum: 10c0/9497d4dd307d845bd7f75180d8188bb17ea8c151c1edbf6b6717c100e104d629dc2dfb687686181b0f4b7d732c7dfdc4d5e7a8ff72de1b0ca283a75bbb3a9cd9
  languageName: node
  linkType: hard

"eslint-interactive-monorepo-demo@workspace:.":
  version: 0.0.0-use.local
  resolution: "eslint-interactive-monorepo-demo@workspace:."
  dependencies:
    eslint: "npm:^9.25.1"
    eslint-interactive: "file:../eslint-interactive-flags-support"
  languageName: unknown
  linkType: soft

"eslint-interactive@file:../eslint-interactive-flags-support::locator=eslint-interactive-monorepo-demo%40workspace%3A.":
  version: 11.1.0
  resolution: "eslint-interactive@file:../eslint-interactive-flags-support#../eslint-interactive-flags-support::hash=d43d3e&locator=eslint-interactive-monorepo-demo%40workspace%3A."
  dependencies:
    boxen: "npm:^8.0.1"
    chalk: "npm:^5.3.0"
    comlink: "npm:^4.4.1"
    enquirer: "npm:^2.4.1"
    estraverse: "npm:^5.3.0"
    find-cache-dir: "npm:^5.0.0"
    is-installed-globally: "npm:^1.0.0"
    ora: "npm:^8.1.0"
    table: "npm:^6.8.2"
    terminal-link: "npm:^3.0.0"
  peerDependencies:
    eslint: ^8.45.0 || ^9.0.0
  bin:
    eslint-interactive: bin/eslint-interactive.js
  checksum: 10c0/dd83d004580fa98d71984c9ccd0a90080aa0b4e55a0d7a59cd9b1c7d9ea4f33eeec8f2dc30db57890c45faa5035f8e89330d7ce744f8cdbd2fd4cef0dbfebc02
  languageName: node
  linkType: hard

"eslint-scope@npm:^8.3.0":
  version: 8.3.0
  resolution: "eslint-scope@npm:8.3.0"
  dependencies:
    esrecurse: "npm:^4.3.0"
    estraverse: "npm:^5.2.0"
  checksum: 10c0/23bf54345573201fdf06d29efa345ab508b355492f6c6cc9e2b9f6d02b896f369b6dd5315205be94b8853809776c4d13353b85c6b531997b164ff6c3328ecf5b
  languageName: node
  linkType: hard

"eslint-visitor-keys@npm:^3.4.3":
  version: 3.4.3
  resolution: "eslint-visitor-keys@npm:3.4.3"
  checksum: 10c0/92708e882c0a5ffd88c23c0b404ac1628cf20104a108c745f240a13c332a11aac54f49a22d5762efbffc18ecbc9a580d1b7ad034bf5f3cc3307e5cbff2ec9820
  languageName: node
  linkType: hard

"eslint-visitor-keys@npm:^4.2.0":
  version: 4.2.0
  resolution: "eslint-visitor-keys@npm:4.2.0"
  checksum: 10c0/2ed81c663b147ca6f578312919483eb040295bbab759e5a371953456c636c5b49a559883e2677112453728d66293c0a4c90ab11cab3428cf02a0236d2e738269
  languageName: node
  linkType: hard

"eslint@npm:^9.25.1":
  version: 9.25.1
  resolution: "eslint@npm:9.25.1"
  dependencies:
    "@eslint-community/eslint-utils": "npm:^4.2.0"
    "@eslint-community/regexpp": "npm:^4.12.1"
    "@eslint/config-array": "npm:^0.20.0"
    "@eslint/config-helpers": "npm:^0.2.1"
    "@eslint/core": "npm:^0.13.0"
    "@eslint/eslintrc": "npm:^3.3.1"
    "@eslint/js": "npm:9.25.1"
    "@eslint/plugin-kit": "npm:^0.2.8"
    "@humanfs/node": "npm:^0.16.6"
    "@humanwhocodes/module-importer": "npm:^1.0.1"
    "@humanwhocodes/retry": "npm:^0.4.2"
    "@types/estree": "npm:^1.0.6"
    "@types/json-schema": "npm:^7.0.15"
    ajv: "npm:^6.12.4"
    chalk: "npm:^4.0.0"
    cross-spawn: "npm:^7.0.6"
    debug: "npm:^4.3.2"
    escape-string-regexp: "npm:^4.0.0"
    eslint-scope: "npm:^8.3.0"
    eslint-visitor-keys: "npm:^4.2.0"
    espree: "npm:^10.3.0"
    esquery: "npm:^1.5.0"
    esutils: "npm:^2.0.2"
    fast-deep-equal: "npm:^3.1.3"
    file-entry-cache: "npm:^8.0.0"
    find-up: "npm:^5.0.0"
    glob-parent: "npm:^6.0.2"
    ignore: "npm:^5.2.0"
    imurmurhash: "npm:^0.1.4"
    is-glob: "npm:^4.0.0"
    json-stable-stringify-without-jsonify: "npm:^1.0.1"
    lodash.merge: "npm:^4.6.2"
    minimatch: "npm:^3.1.2"
    natural-compare: "npm:^1.4.0"
    optionator: "npm:^0.9.3"
  peerDependencies:
    jiti: "*"
  peerDependenciesMeta:
    jiti:
      optional: true
  bin:
    eslint: bin/eslint.js
  checksum: 10c0/3bb1997ae994253d441e56aba2fc64a71b3b8dce32756de3dedae5e85416ba33eb07e19ede94a6fa8ce7ef3a0a3b0dd8b6836f41be46a3ab52e5345ad59a553f
  languageName: node
  linkType: hard

"espree@npm:^10.0.1, espree@npm:^10.3.0":
  version: 10.3.0
  resolution: "espree@npm:10.3.0"
  dependencies:
    acorn: "npm:^8.14.0"
    acorn-jsx: "npm:^5.3.2"
    eslint-visitor-keys: "npm:^4.2.0"
  checksum: 10c0/272beeaca70d0a1a047d61baff64db04664a33d7cfb5d144f84bc8a5c6194c6c8ebe9cc594093ca53add88baa23e59b01e69e8a0160ab32eac570482e165c462
  languageName: node
  linkType: hard

"esquery@npm:^1.5.0":
  version: 1.6.0
  resolution: "esquery@npm:1.6.0"
  dependencies:
    estraverse: "npm:^5.1.0"
  checksum: 10c0/cb9065ec605f9da7a76ca6dadb0619dfb611e37a81e318732977d90fab50a256b95fee2d925fba7c2f3f0523aa16f91587246693bc09bc34d5a59575fe6e93d2
  languageName: node
  linkType: hard

"esrecurse@npm:^4.3.0":
  version: 4.3.0
  resolution: "esrecurse@npm:4.3.0"
  dependencies:
    estraverse: "npm:^5.2.0"
  checksum: 10c0/81a37116d1408ded88ada45b9fb16dbd26fba3aadc369ce50fcaf82a0bac12772ebd7b24cd7b91fc66786bf2c1ac7b5f196bc990a473efff972f5cb338877cf5
  languageName: node
  linkType: hard

"estraverse@npm:^5.1.0, estraverse@npm:^5.2.0, estraverse@npm:^5.3.0":
  version: 5.3.0
  resolution: "estraverse@npm:5.3.0"
  checksum: 10c0/1ff9447b96263dec95d6d67431c5e0771eb9776427421260a3e2f0fdd5d6bd4f8e37a7338f5ad2880c9f143450c9b1e4fc2069060724570a49cf9cf0312bd107
  languageName: node
  linkType: hard

"esutils@npm:^2.0.2":
  version: 2.0.3
  resolution: "esutils@npm:2.0.3"
  checksum: 10c0/9a2fe69a41bfdade834ba7c42de4723c97ec776e40656919c62cbd13607c45e127a003f05f724a1ea55e5029a4cf2de444b13009f2af71271e42d93a637137c7
  languageName: node
  linkType: hard

"fast-deep-equal@npm:^3.1.1, fast-deep-equal@npm:^3.1.3":
  version: 3.1.3
  resolution: "fast-deep-equal@npm:3.1.3"
  checksum: 10c0/40dedc862eb8992c54579c66d914635afbec43350afbbe991235fdcb4e3a8d5af1b23ae7e79bef7d4882d0ecee06c3197488026998fb19f72dc95acff1d1b1d0
  languageName: node
  linkType: hard

"fast-json-stable-stringify@npm:^2.0.0":
  version: 2.1.0
  resolution: "fast-json-stable-stringify@npm:2.1.0"
  checksum: 10c0/7f081eb0b8a64e0057b3bb03f974b3ef00135fbf36c1c710895cd9300f13c94ba809bb3a81cf4e1b03f6e5285610a61abbd7602d0652de423144dfee5a389c9b
  languageName: node
  linkType: hard

"fast-levenshtein@npm:^2.0.6":
  version: 2.0.6
  resolution: "fast-levenshtein@npm:2.0.6"
  checksum: 10c0/111972b37338bcb88f7d9e2c5907862c280ebf4234433b95bc611e518d192ccb2d38119c4ac86e26b668d75f7f3894f4ff5c4982899afced7ca78633b08287c4
  languageName: node
  linkType: hard

"fast-uri@npm:^3.0.1":
  version: 3.0.6
  resolution: "fast-uri@npm:3.0.6"
  checksum: 10c0/74a513c2af0584448aee71ce56005185f81239eab7a2343110e5bad50c39ad4fb19c5a6f99783ead1cac7ccaf3461a6034fda89fffa2b30b6d99b9f21c2f9d29
  languageName: node
  linkType: hard

"file-entry-cache@npm:^8.0.0":
  version: 8.0.0
  resolution: "file-entry-cache@npm:8.0.0"
  dependencies:
    flat-cache: "npm:^4.0.0"
  checksum: 10c0/9e2b5938b1cd9b6d7e3612bdc533afd4ac17b2fc646569e9a8abbf2eb48e5eb8e316bc38815a3ef6a1b456f4107f0d0f055a614ca613e75db6bf9ff4d72c1638
  languageName: node
  linkType: hard

"find-cache-dir@npm:^5.0.0":
  version: 5.0.0
  resolution: "find-cache-dir@npm:5.0.0"
  dependencies:
    common-path-prefix: "npm:^3.0.0"
    pkg-dir: "npm:^7.0.0"
  checksum: 10c0/e6403b35aaf862898aefadbe3ee27246583a69adcef21cd79b9262be407d1ac85b21a7e1c1d41712eae39c6d8a8ac297fd78123b5b7aea13f0f046744aa02453
  languageName: node
  linkType: hard

"find-up@npm:^5.0.0":
  version: 5.0.0
  resolution: "find-up@npm:5.0.0"
  dependencies:
    locate-path: "npm:^6.0.0"
    path-exists: "npm:^4.0.0"
  checksum: 10c0/062c5a83a9c02f53cdd6d175a37ecf8f87ea5bbff1fdfb828f04bfa021441bc7583e8ebc0872a4c1baab96221fb8a8a275a19809fb93fbc40bd69ec35634069a
  languageName: node
  linkType: hard

"find-up@npm:^6.3.0":
  version: 6.3.0
  resolution: "find-up@npm:6.3.0"
  dependencies:
    locate-path: "npm:^7.1.0"
    path-exists: "npm:^5.0.0"
  checksum: 10c0/07e0314362d316b2b13f7f11ea4692d5191e718ca3f7264110127520f3347996349bf9e16805abae3e196805814bc66ef4bff2b8904dc4a6476085fc9b0eba07
  languageName: node
  linkType: hard

"flat-cache@npm:^4.0.0":
  version: 4.0.1
  resolution: "flat-cache@npm:4.0.1"
  dependencies:
    flatted: "npm:^3.2.9"
    keyv: "npm:^4.5.4"
  checksum: 10c0/2c59d93e9faa2523e4fda6b4ada749bed432cfa28c8e251f33b25795e426a1c6dbada777afb1f74fcfff33934fdbdea921ee738fcc33e71adc9d6eca984a1cfc
  languageName: node
  linkType: hard

"flatted@npm:^3.2.9":
  version: 3.3.3
  resolution: "flatted@npm:3.3.3"
  checksum: 10c0/e957a1c6b0254aa15b8cce8533e24165abd98fadc98575db082b786b5da1b7d72062b81bfdcd1da2f4d46b6ed93bec2434e62333e9b4261d79ef2e75a10dd538
  languageName: node
  linkType: hard

"get-east-asian-width@npm:^1.0.0":
  version: 1.3.0
  resolution: "get-east-asian-width@npm:1.3.0"
  checksum: 10c0/1a049ba697e0f9a4d5514c4623781c5246982bdb61082da6b5ae6c33d838e52ce6726407df285cdbb27ec1908b333cf2820989bd3e986e37bb20979437fdf34b
  languageName: node
  linkType: hard

"glob-parent@npm:^6.0.2":
  version: 6.0.2
  resolution: "glob-parent@npm:6.0.2"
  dependencies:
    is-glob: "npm:^4.0.3"
  checksum: 10c0/317034d88654730230b3f43bb7ad4f7c90257a426e872ea0bf157473ac61c99bf5d205fad8f0185f989be8d2fa6d3c7dce1645d99d545b6ea9089c39f838e7f8
  languageName: node
  linkType: hard

"global-directory@npm:^4.0.1":
  version: 4.0.1
  resolution: "global-directory@npm:4.0.1"
  dependencies:
    ini: "npm:4.1.1"
  checksum: 10c0/f9cbeef41db4876f94dd0bac1c1b4282a7de9c16350ecaaf83e7b2dd777b32704cc25beeb1170b5a63c42a2c9abfade74d46357fe0133e933218bc89e613d4b2
  languageName: node
  linkType: hard

"globals@npm:^14.0.0":
  version: 14.0.0
  resolution: "globals@npm:14.0.0"
  checksum: 10c0/b96ff42620c9231ad468d4c58ff42afee7777ee1c963013ff8aabe095a451d0ceeb8dcd8ef4cbd64d2538cef45f787a78ba3a9574f4a634438963e334471302d
  languageName: node
  linkType: hard

"has-flag@npm:^4.0.0":
  version: 4.0.0
  resolution: "has-flag@npm:4.0.0"
  checksum: 10c0/2e789c61b7888d66993e14e8331449e525ef42aac53c627cc53d1c3334e768bcb6abdc4f5f0de1478a25beec6f0bd62c7549058b7ac53e924040d4f301f02fd1
  languageName: node
  linkType: hard

"ignore@npm:^5.2.0":
  version: 5.3.2
  resolution: "ignore@npm:5.3.2"
  checksum: 10c0/f9f652c957983634ded1e7f02da3b559a0d4cc210fca3792cb67f1b153623c9c42efdc1c4121af171e295444459fc4a9201101fb041b1104a3c000bccb188337
  languageName: node
  linkType: hard

"import-fresh@npm:^3.2.1":
  version: 3.3.1
  resolution: "import-fresh@npm:3.3.1"
  dependencies:
    parent-module: "npm:^1.0.0"
    resolve-from: "npm:^4.0.0"
  checksum: 10c0/bf8cc494872fef783249709385ae883b447e3eb09db0ebd15dcead7d9afe7224dad7bd7591c6b73b0b19b3c0f9640eb8ee884f01cfaf2887ab995b0b36a0cbec
  languageName: node
  linkType: hard

"imurmurhash@npm:^0.1.4":
  version: 0.1.4
  resolution: "imurmurhash@npm:0.1.4"
  checksum: 10c0/8b51313850dd33605c6c9d3fd9638b714f4c4c40250cff658209f30d40da60f78992fb2df5dabee4acf589a6a82bbc79ad5486550754bd9ec4e3fc0d4a57d6a6
  languageName: node
  linkType: hard

"ini@npm:4.1.1":
  version: 4.1.1
  resolution: "ini@npm:4.1.1"
  checksum: 10c0/7fddc8dfd3e63567d4fdd5d999d1bf8a8487f1479d0b34a1d01f28d391a9228d261e19abc38e1a6a1ceb3400c727204fce05725d5eb598dfcf2077a1e3afe211
  languageName: node
  linkType: hard

"is-extglob@npm:^2.1.1":
  version: 2.1.1
  resolution: "is-extglob@npm:2.1.1"
  checksum: 10c0/5487da35691fbc339700bbb2730430b07777a3c21b9ebaecb3072512dfd7b4ba78ac2381a87e8d78d20ea08affb3f1971b4af629173a6bf435ff8a4c47747912
  languageName: node
  linkType: hard

"is-fullwidth-code-point@npm:^3.0.0":
  version: 3.0.0
  resolution: "is-fullwidth-code-point@npm:3.0.0"
  checksum: 10c0/bb11d825e049f38e04c06373a8d72782eee0205bda9d908cc550ccb3c59b99d750ff9537982e01733c1c94a58e35400661f57042158ff5e8f3e90cf936daf0fc
  languageName: node
  linkType: hard

"is-glob@npm:^4.0.0, is-glob@npm:^4.0.3":
  version: 4.0.3
  resolution: "is-glob@npm:4.0.3"
  dependencies:
    is-extglob: "npm:^2.1.1"
  checksum: 10c0/17fb4014e22be3bbecea9b2e3a76e9e34ff645466be702f1693e8f1ee1adac84710d0be0bd9f967d6354036fd51ab7c2741d954d6e91dae6bb69714de92c197a
  languageName: node
  linkType: hard

"is-installed-globally@npm:^1.0.0":
  version: 1.0.0
  resolution: "is-installed-globally@npm:1.0.0"
  dependencies:
    global-directory: "npm:^4.0.1"
    is-path-inside: "npm:^4.0.0"
  checksum: 10c0/5f57745b6e75b2e9e707a26470d0cb74291d9be33c0fe0dc06c6955fe086bc2ca0a8960631b1ecb9677100eac90af33e911aec7a2c0b88097d702bfa3b76486d
  languageName: node
  linkType: hard

"is-interactive@npm:^2.0.0":
  version: 2.0.0
  resolution: "is-interactive@npm:2.0.0"
  checksum: 10c0/801c8f6064f85199dc6bf99b5dd98db3282e930c3bc197b32f2c5b89313bb578a07d1b8a01365c4348c2927229234f3681eb861b9c2c92bee72ff397390fa600
  languageName: node
  linkType: hard

"is-path-inside@npm:^4.0.0":
  version: 4.0.0
  resolution: "is-path-inside@npm:4.0.0"
  checksum: 10c0/51188d7e2b1d907a9a5f7c18d99a90b60870b951ed87cf97595d9aaa429d4c010652c3350bcbf31182e7f4b0eab9a1860b43e16729b13cb1a44baaa6cdb64c46
  languageName: node
  linkType: hard

"is-unicode-supported@npm:^1.3.0":
  version: 1.3.0
  resolution: "is-unicode-supported@npm:1.3.0"
  checksum: 10c0/b8674ea95d869f6faabddc6a484767207058b91aea0250803cbf1221345cb0c56f466d4ecea375dc77f6633d248d33c47bd296fb8f4cdba0b4edba8917e83d8a
  languageName: node
  linkType: hard

"is-unicode-supported@npm:^2.0.0":
  version: 2.1.0
  resolution: "is-unicode-supported@npm:2.1.0"
  checksum: 10c0/a0f53e9a7c1fdbcf2d2ef6e40d4736fdffff1c9f8944c75e15425118ff3610172c87bf7bc6c34d3903b04be59790bb2212ddbe21ee65b5a97030fc50370545a5
  languageName: node
  linkType: hard

"isexe@npm:^2.0.0":
  version: 2.0.0
  resolution: "isexe@npm:2.0.0"
  checksum: 10c0/228cfa503fadc2c31596ab06ed6aa82c9976eec2bfd83397e7eaf06d0ccf42cd1dfd6743bf9aeb01aebd4156d009994c5f76ea898d2832c1fe342da923ca457d
  languageName: node
  linkType: hard

"js-yaml@npm:^4.1.0":
  version: 4.1.0
  resolution: "js-yaml@npm:4.1.0"
  dependencies:
    argparse: "npm:^2.0.1"
  bin:
    js-yaml: bin/js-yaml.js
  checksum: 10c0/184a24b4eaacfce40ad9074c64fd42ac83cf74d8c8cd137718d456ced75051229e5061b8633c3366b8aada17945a7a356b337828c19da92b51ae62126575018f
  languageName: node
  linkType: hard

"json-buffer@npm:3.0.1":
  version: 3.0.1
  resolution: "json-buffer@npm:3.0.1"
  checksum: 10c0/0d1c91569d9588e7eef2b49b59851f297f3ab93c7b35c7c221e288099322be6b562767d11e4821da500f3219542b9afd2e54c5dc573107c1126ed1080f8e96d7
  languageName: node
  linkType: hard

"json-schema-traverse@npm:^0.4.1":
  version: 0.4.1
  resolution: "json-schema-traverse@npm:0.4.1"
  checksum: 10c0/108fa90d4cc6f08243aedc6da16c408daf81793bf903e9fd5ab21983cda433d5d2da49e40711da016289465ec2e62e0324dcdfbc06275a607fe3233fde4942ce
  languageName: node
  linkType: hard

"json-schema-traverse@npm:^1.0.0":
  version: 1.0.0
  resolution: "json-schema-traverse@npm:1.0.0"
  checksum: 10c0/71e30015d7f3d6dc1c316d6298047c8ef98a06d31ad064919976583eb61e1018a60a0067338f0f79cabc00d84af3fcc489bd48ce8a46ea165d9541ba17fb30c6
  languageName: node
  linkType: hard

"json-stable-stringify-without-jsonify@npm:^1.0.1":
  version: 1.0.1
  resolution: "json-stable-stringify-without-jsonify@npm:1.0.1"
  checksum: 10c0/cb168b61fd4de83e58d09aaa6425ef71001bae30d260e2c57e7d09a5fd82223e2f22a042dedaab8db23b7d9ae46854b08bb1f91675a8be11c5cffebef5fb66a5
  languageName: node
  linkType: hard

"keyv@npm:^4.5.4":
  version: 4.5.4
  resolution: "keyv@npm:4.5.4"
  dependencies:
    json-buffer: "npm:3.0.1"
  checksum: 10c0/aa52f3c5e18e16bb6324876bb8b59dd02acf782a4b789c7b2ae21107fab95fab3890ed448d4f8dba80ce05391eeac4bfabb4f02a20221342982f806fa2cf271e
  languageName: node
  linkType: hard

"levn@npm:^0.4.1":
  version: 0.4.1
  resolution: "levn@npm:0.4.1"
  dependencies:
    prelude-ls: "npm:^1.2.1"
    type-check: "npm:~0.4.0"
  checksum: 10c0/effb03cad7c89dfa5bd4f6989364bfc79994c2042ec5966cb9b95990e2edee5cd8969ddf42616a0373ac49fac1403437deaf6e9050fbbaa3546093a59b9ac94e
  languageName: node
  linkType: hard

"locate-path@npm:^6.0.0":
  version: 6.0.0
  resolution: "locate-path@npm:6.0.0"
  dependencies:
    p-locate: "npm:^5.0.0"
  checksum: 10c0/d3972ab70dfe58ce620e64265f90162d247e87159b6126b01314dd67be43d50e96a50b517bce2d9452a79409c7614054c277b5232377de50416564a77ac7aad3
  languageName: node
  linkType: hard

"locate-path@npm:^7.1.0":
  version: 7.2.0
  resolution: "locate-path@npm:7.2.0"
  dependencies:
    p-locate: "npm:^6.0.0"
  checksum: 10c0/139e8a7fe11cfbd7f20db03923cacfa5db9e14fa14887ea121345597472b4a63c1a42a8a5187defeeff6acf98fd568da7382aa39682d38f0af27433953a97751
  languageName: node
  linkType: hard

"lodash.merge@npm:^4.6.2":
  version: 4.6.2
  resolution: "lodash.merge@npm:4.6.2"
  checksum: 10c0/402fa16a1edd7538de5b5903a90228aa48eb5533986ba7fa26606a49db2572bf414ff73a2c9f5d5fd36b31c46a5d5c7e1527749c07cbcf965ccff5fbdf32c506
  languageName: node
  linkType: hard

"lodash.truncate@npm:^4.4.2":
  version: 4.4.2
  resolution: "lodash.truncate@npm:4.4.2"
  checksum: 10c0/4e870d54e8a6c86c8687e057cec4069d2e941446ccab7f40b4d9555fa5872d917d0b6aa73bece7765500a3123f1723bcdba9ae881b679ef120bba9e1a0b0ed70
  languageName: node
  linkType: hard

"log-symbols@npm:^6.0.0":
  version: 6.0.0
  resolution: "log-symbols@npm:6.0.0"
  dependencies:
    chalk: "npm:^5.3.0"
    is-unicode-supported: "npm:^1.3.0"
  checksum: 10c0/36636cacedba8f067d2deb4aad44e91a89d9efb3ead27e1846e7b82c9a10ea2e3a7bd6ce28a7ca616bebc60954ff25c67b0f92d20a6a746bb3cc52c3701891f6
  languageName: node
  linkType: hard

"mimic-function@npm:^5.0.0":
  version: 5.0.1
  resolution: "mimic-function@npm:5.0.1"
  checksum: 10c0/f3d9464dd1816ecf6bdf2aec6ba32c0728022039d992f178237d8e289b48764fee4131319e72eedd4f7f094e22ded0af836c3187a7edc4595d28dd74368fd81d
  languageName: node
  linkType: hard

"minimatch@npm:^3.1.2":
  version: 3.1.2
  resolution: "minimatch@npm:3.1.2"
  dependencies:
    brace-expansion: "npm:^1.1.7"
  checksum: 10c0/0262810a8fc2e72cca45d6fd86bd349eee435eb95ac6aa45c9ea2180e7ee875ef44c32b55b5973ceabe95ea12682f6e3725cbb63d7a2d1da3ae1163c8b210311
  languageName: node
  linkType: hard

"ms@npm:^2.1.3":
  version: 2.1.3
  resolution: "ms@npm:2.1.3"
  checksum: 10c0/d924b57e7312b3b63ad21fc5b3dc0af5e78d61a1fc7cfb5457edaf26326bf62be5307cc87ffb6862ef1c2b33b0233cdb5d4f01c4c958cc0d660948b65a287a48
  languageName: node
  linkType: hard

"natural-compare@npm:^1.4.0":
  version: 1.4.0
  resolution: "natural-compare@npm:1.4.0"
  checksum: 10c0/f5f9a7974bfb28a91afafa254b197f0f22c684d4a1731763dda960d2c8e375b36c7d690e0d9dc8fba774c537af14a7e979129bca23d88d052fbeb9466955e447
  languageName: node
  linkType: hard

"onetime@npm:^7.0.0":
  version: 7.0.0
  resolution: "onetime@npm:7.0.0"
  dependencies:
    mimic-function: "npm:^5.0.0"
  checksum: 10c0/5cb9179d74b63f52a196a2e7037ba2b9a893245a5532d3f44360012005c9cadb60851d56716ebff18a6f47129dab7168022445df47c2aff3b276d92585ed1221
  languageName: node
  linkType: hard

"optionator@npm:^0.9.3":
  version: 0.9.4
  resolution: "optionator@npm:0.9.4"
  dependencies:
    deep-is: "npm:^0.1.3"
    fast-levenshtein: "npm:^2.0.6"
    levn: "npm:^0.4.1"
    prelude-ls: "npm:^1.2.1"
    type-check: "npm:^0.4.0"
    word-wrap: "npm:^1.2.5"
  checksum: 10c0/4afb687a059ee65b61df74dfe87d8d6815cd6883cb8b3d5883a910df72d0f5d029821f37025e4bccf4048873dbdb09acc6d303d27b8f76b1a80dd5a7d5334675
  languageName: node
  linkType: hard

"ora@npm:^8.1.0":
  version: 8.2.0
  resolution: "ora@npm:8.2.0"
  dependencies:
    chalk: "npm:^5.3.0"
    cli-cursor: "npm:^5.0.0"
    cli-spinners: "npm:^2.9.2"
    is-interactive: "npm:^2.0.0"
    is-unicode-supported: "npm:^2.0.0"
    log-symbols: "npm:^6.0.0"
    stdin-discarder: "npm:^0.2.2"
    string-width: "npm:^7.2.0"
    strip-ansi: "npm:^7.1.0"
  checksum: 10c0/7d9291255db22e293ea164f520b6042a3e906576ab06c9cf408bf9ef5664ba0a9f3bd258baa4ada058cfcc2163ef9b6696d51237a866682ce33295349ba02c3a
  languageName: node
  linkType: hard

"p-limit@npm:^3.0.2":
  version: 3.1.0
  resolution: "p-limit@npm:3.1.0"
  dependencies:
    yocto-queue: "npm:^0.1.0"
  checksum: 10c0/9db675949dbdc9c3763c89e748d0ef8bdad0afbb24d49ceaf4c46c02c77d30db4e0652ed36d0a0a7a95154335fab810d95c86153105bb73b3a90448e2bb14e1a
  languageName: node
  linkType: hard

"p-limit@npm:^4.0.0":
  version: 4.0.0
  resolution: "p-limit@npm:4.0.0"
  dependencies:
    yocto-queue: "npm:^1.0.0"
  checksum: 10c0/a56af34a77f8df2ff61ddfb29431044557fcbcb7642d5a3233143ebba805fc7306ac1d448de724352861cb99de934bc9ab74f0d16fe6a5460bdbdf938de875ad
  languageName: node
  linkType: hard

"p-locate@npm:^5.0.0":
  version: 5.0.0
  resolution: "p-locate@npm:5.0.0"
  dependencies:
    p-limit: "npm:^3.0.2"
  checksum: 10c0/2290d627ab7903b8b70d11d384fee714b797f6040d9278932754a6860845c4d3190603a0772a663c8cb5a7b21d1b16acb3a6487ebcafa9773094edc3dfe6009a
  languageName: node
  linkType: hard

"p-locate@npm:^6.0.0":
  version: 6.0.0
  resolution: "p-locate@npm:6.0.0"
  dependencies:
    p-limit: "npm:^4.0.0"
  checksum: 10c0/d72fa2f41adce59c198270aa4d3c832536c87a1806e0f69dffb7c1a7ca998fb053915ca833d90f166a8c082d3859eabfed95f01698a3214c20df6bb8de046312
  languageName: node
  linkType: hard

"parent-module@npm:^1.0.0":
  version: 1.0.1
  resolution: "parent-module@npm:1.0.1"
  dependencies:
    callsites: "npm:^3.0.0"
  checksum: 10c0/c63d6e80000d4babd11978e0d3fee386ca7752a02b035fd2435960ffaa7219dc42146f07069fb65e6e8bf1caef89daf9af7535a39bddf354d78bf50d8294f556
  languageName: node
  linkType: hard

"path-exists@npm:^4.0.0":
  version: 4.0.0
  resolution: "path-exists@npm:4.0.0"
  checksum: 10c0/8c0bd3f5238188197dc78dced15207a4716c51cc4e3624c44fc97acf69558f5ebb9a2afff486fe1b4ee148e0c133e96c5e11a9aa5c48a3006e3467da070e5e1b
  languageName: node
  linkType: hard

"path-exists@npm:^5.0.0":
  version: 5.0.0
  resolution: "path-exists@npm:5.0.0"
  checksum: 10c0/b170f3060b31604cde93eefdb7392b89d832dfbc1bed717c9718cbe0f230c1669b7e75f87e19901da2250b84d092989a0f9e44d2ef41deb09aa3ad28e691a40a
  languageName: node
  linkType: hard

"path-key@npm:^3.1.0":
  version: 3.1.1
  resolution: "path-key@npm:3.1.1"
  checksum: 10c0/748c43efd5a569c039d7a00a03b58eecd1d75f3999f5a28303d75f521288df4823bc057d8784eb72358b2895a05f29a070bc9f1f17d28226cc4e62494cc58c4c
  languageName: node
  linkType: hard

"pkg-dir@npm:^7.0.0":
  version: 7.0.0
  resolution: "pkg-dir@npm:7.0.0"
  dependencies:
    find-up: "npm:^6.3.0"
  checksum: 10c0/1afb23d2efb1ec9d8b2c4a0c37bf146822ad2774f074cb05b853be5dca1b40815c5960dd126df30ab8908349262a266f31b771e877235870a3b8fd313beebec5
  languageName: node
  linkType: hard

"prelude-ls@npm:^1.2.1":
  version: 1.2.1
  resolution: "prelude-ls@npm:1.2.1"
  checksum: 10c0/b00d617431e7886c520a6f498a2e14c75ec58f6d93ba48c3b639cf241b54232d90daa05d83a9e9b9fef6baa63cb7e1e4602c2372fea5bc169668401eb127d0cd
  languageName: node
  linkType: hard

"punycode@npm:^2.1.0":
  version: 2.3.1
  resolution: "punycode@npm:2.3.1"
  checksum: 10c0/14f76a8206bc3464f794fb2e3d3cc665ae416c01893ad7a02b23766eb07159144ee612ad67af5e84fa4479ccfe67678c4feb126b0485651b302babf66f04f9e9
  languageName: node
  linkType: hard

"require-from-string@npm:^2.0.2":
  version: 2.0.2
  resolution: "require-from-string@npm:2.0.2"
  checksum: 10c0/aaa267e0c5b022fc5fd4eef49d8285086b15f2a1c54b28240fdf03599cbd9c26049fee3eab894f2e1f6ca65e513b030a7c264201e3f005601e80c49fb2937ce2
  languageName: node
  linkType: hard

"resolve-from@npm:^4.0.0":
  version: 4.0.0
  resolution: "resolve-from@npm:4.0.0"
  checksum: 10c0/8408eec31a3112ef96e3746c37be7d64020cda07c03a920f5024e77290a218ea758b26ca9529fd7b1ad283947f34b2291c1c0f6aa0ed34acfdda9c6014c8d190
  languageName: node
  linkType: hard

"restore-cursor@npm:^5.0.0":
  version: 5.1.0
  resolution: "restore-cursor@npm:5.1.0"
  dependencies:
    onetime: "npm:^7.0.0"
    signal-exit: "npm:^4.1.0"
  checksum: 10c0/c2ba89131eea791d1b25205bdfdc86699767e2b88dee2a590b1a6caa51737deac8bad0260a5ded2f7c074b7db2f3a626bcf1fcf3cdf35974cbeea5e2e6764f60
  languageName: node
  linkType: hard

"shebang-command@npm:^2.0.0":
  version: 2.0.0
  resolution: "shebang-command@npm:2.0.0"
  dependencies:
    shebang-regex: "npm:^3.0.0"
  checksum: 10c0/a41692e7d89a553ef21d324a5cceb5f686d1f3c040759c50aab69688634688c5c327f26f3ecf7001ebfd78c01f3c7c0a11a7c8bfd0a8bc9f6240d4f40b224e4e
  languageName: node
  linkType: hard

"shebang-regex@npm:^3.0.0":
  version: 3.0.0
  resolution: "shebang-regex@npm:3.0.0"
  checksum: 10c0/1dbed0726dd0e1152a92696c76c7f06084eb32a90f0528d11acd764043aacf76994b2fb30aa1291a21bd019d6699164d048286309a278855ee7bec06cf6fb690
  languageName: node
  linkType: hard

"signal-exit@npm:^4.1.0":
  version: 4.1.0
  resolution: "signal-exit@npm:4.1.0"
  checksum: 10c0/41602dce540e46d599edba9d9860193398d135f7ff72cab629db5171516cfae628d21e7bfccde1bbfdf11c48726bc2a6d1a8fb8701125852fbfda7cf19c6aa83
  languageName: node
  linkType: hard

"slice-ansi@npm:^4.0.0":
  version: 4.0.0
  resolution: "slice-ansi@npm:4.0.0"
  dependencies:
    ansi-styles: "npm:^4.0.0"
    astral-regex: "npm:^2.0.0"
    is-fullwidth-code-point: "npm:^3.0.0"
  checksum: 10c0/6c25678db1270d4793e0327620f1e0f9f5bea4630123f51e9e399191bc52c87d6e6de53ed33538609e5eacbd1fab769fae00f3705d08d029f02102a540648918
  languageName: node
  linkType: hard

"stdin-discarder@npm:^0.2.2":
  version: 0.2.2
  resolution: "stdin-discarder@npm:0.2.2"
  checksum: 10c0/c78375e82e956d7a64be6e63c809c7f058f5303efcaf62ea48350af072bacdb99c06cba39209b45a071c1acbd49116af30df1df9abb448df78a6005b72f10537
  languageName: node
  linkType: hard

"string-width@npm:^4.1.0, string-width@npm:^4.2.3":
  version: 4.2.3
  resolution: "string-width@npm:4.2.3"
  dependencies:
    emoji-regex: "npm:^8.0.0"
    is-fullwidth-code-point: "npm:^3.0.0"
    strip-ansi: "npm:^6.0.1"
  checksum: 10c0/1e525e92e5eae0afd7454086eed9c818ee84374bb80328fc41217ae72ff5f065ef1c9d7f72da41de40c75fa8bb3dee63d92373fd492c84260a552c636392a47b
  languageName: node
  linkType: hard

"string-width@npm:^7.0.0, string-width@npm:^7.2.0":
  version: 7.2.0
  resolution: "string-width@npm:7.2.0"
  dependencies:
    emoji-regex: "npm:^10.3.0"
    get-east-asian-width: "npm:^1.0.0"
    strip-ansi: "npm:^7.1.0"
  checksum: 10c0/eb0430dd43f3199c7a46dcbf7a0b34539c76fe3aa62763d0b0655acdcbdf360b3f66f3d58ca25ba0205f42ea3491fa00f09426d3b7d3040e506878fc7664c9b9
  languageName: node
  linkType: hard

"strip-ansi@npm:^6.0.1":
  version: 6.0.1
  resolution: "strip-ansi@npm:6.0.1"
  dependencies:
    ansi-regex: "npm:^5.0.1"
  checksum: 10c0/1ae5f212a126fe5b167707f716942490e3933085a5ff6c008ab97ab2f272c8025d3aa218b7bd6ab25729ca20cc81cddb252102f8751e13482a5199e873680952
  languageName: node
  linkType: hard

"strip-ansi@npm:^7.1.0":
  version: 7.1.0
  resolution: "strip-ansi@npm:7.1.0"
  dependencies:
    ansi-regex: "npm:^6.0.1"
  checksum: 10c0/a198c3762e8832505328cbf9e8c8381de14a4fa50a4f9b2160138158ea88c0f5549fb50cb13c651c3088f47e63a108b34622ec18c0499b6c8c3a5ddf6b305ac4
  languageName: node
  linkType: hard

"strip-json-comments@npm:^3.1.1":
  version: 3.1.1
  resolution: "strip-json-comments@npm:3.1.1"
  checksum: 10c0/9681a6257b925a7fa0f285851c0e613cc934a50661fa7bb41ca9cbbff89686bb4a0ee366e6ecedc4daafd01e83eee0720111ab294366fe7c185e935475ebcecd
  languageName: node
  linkType: hard

"supports-color@npm:^7.0.0, supports-color@npm:^7.1.0":
  version: 7.2.0
  resolution: "supports-color@npm:7.2.0"
  dependencies:
    has-flag: "npm:^4.0.0"
  checksum: 10c0/afb4c88521b8b136b5f5f95160c98dee7243dc79d5432db7efc27efb219385bbc7d9427398e43dd6cc730a0f87d5085ce1652af7efbe391327bc0a7d0f7fc124
  languageName: node
  linkType: hard

"supports-hyperlinks@npm:^2.2.0":
  version: 2.3.0
  resolution: "supports-hyperlinks@npm:2.3.0"
  dependencies:
    has-flag: "npm:^4.0.0"
    supports-color: "npm:^7.0.0"
  checksum: 10c0/4057f0d86afb056cd799602f72d575b8fdd79001c5894bcb691176f14e870a687e7981e50bc1484980e8b688c6d5bcd4931e1609816abb5a7dc1486b7babf6a1
  languageName: node
  linkType: hard

"table@npm:^6.8.2":
  version: 6.9.0
  resolution: "table@npm:6.9.0"
  dependencies:
    ajv: "npm:^8.0.1"
    lodash.truncate: "npm:^4.4.2"
    slice-ansi: "npm:^4.0.0"
    string-width: "npm:^4.2.3"
    strip-ansi: "npm:^6.0.1"
  checksum: 10c0/35646185712bb65985fbae5975dda46696325844b78735f95faefae83e86df0a265277819a3e67d189de6e858c509b54e66ca3958ffd51bde56ef1118d455bf4
  languageName: node
  linkType: hard

"terminal-link@npm:^3.0.0":
  version: 3.0.0
  resolution: "terminal-link@npm:3.0.0"
  dependencies:
    ansi-escapes: "npm:^5.0.0"
    supports-hyperlinks: "npm:^2.2.0"
  checksum: 10c0/2ccf93f474d9c4fe1ac75764a48836e61c281def08f4aff154696bc83dd764078ee2f5a6a6148382fb928943d53f44313ae513c5f457649d2961a95e5cd343b3
  languageName: node
  linkType: hard

"type-check@npm:^0.4.0, type-check@npm:~0.4.0":
  version: 0.4.0
  resolution: "type-check@npm:0.4.0"
  dependencies:
    prelude-ls: "npm:^1.2.1"
  checksum: 10c0/7b3fd0ed43891e2080bf0c5c504b418fbb3e5c7b9708d3d015037ba2e6323a28152ec163bcb65212741fa5d2022e3075ac3c76440dbd344c9035f818e8ecee58
  languageName: node
  linkType: hard

"type-fest@npm:^1.0.2":
  version: 1.4.0
  resolution: "type-fest@npm:1.4.0"
  checksum: 10c0/a3c0f4ee28ff6ddf800d769eafafcdeab32efa38763c1a1b8daeae681920f6e345d7920bf277245235561d8117dab765cb5f829c76b713b4c9de0998a5397141
  languageName: node
  linkType: hard

"type-fest@npm:^4.21.0":
  version: 4.40.0
  resolution: "type-fest@npm:4.40.0"
  checksum: 10c0/b39d4da6f9a154e3db7e714cd05ccf56b53f4f0bbf74dd294cb6be4921b16ecca5cb00cb81b53ab621a31c8e8509c74b5101895ada47af9de368a317d24538a3
  languageName: node
  linkType: hard

"uri-js@npm:^4.2.2":
  version: 4.4.1
  resolution: "uri-js@npm:4.4.1"
  dependencies:
    punycode: "npm:^2.1.0"
  checksum: 10c0/4ef57b45aa820d7ac6496e9208559986c665e49447cb072744c13b66925a362d96dd5a46c4530a6b8e203e5db5fe849369444440cb22ecfc26c679359e5dfa3c
  languageName: node
  linkType: hard

"which@npm:^2.0.1":
  version: 2.0.2
  resolution: "which@npm:2.0.2"
  dependencies:
    isexe: "npm:^2.0.0"
  bin:
    node-which: ./bin/node-which
  checksum: 10c0/66522872a768b60c2a65a57e8ad184e5372f5b6a9ca6d5f033d4b0dc98aff63995655a7503b9c0a2598936f532120e81dd8cc155e2e92ed662a2b9377cc4374f
  languageName: node
  linkType: hard

"widest-line@npm:^5.0.0":
  version: 5.0.0
  resolution: "widest-line@npm:5.0.0"
  dependencies:
    string-width: "npm:^7.0.0"
  checksum: 10c0/6bd6cca8cda502ef50e05353fd25de0df8c704ffc43ada7e0a9cf9a5d4f4e12520485d80e0b77cec8a21f6c3909042fcf732aa9281e5dbb98cc9384a138b2578
  languageName: node
  linkType: hard

"word-wrap@npm:^1.2.5":
  version: 1.2.5
  resolution: "word-wrap@npm:1.2.5"
  checksum: 10c0/e0e4a1ca27599c92a6ca4c32260e8a92e8a44f4ef6ef93f803f8ed823f486e0889fc0b93be4db59c8d51b3064951d25e43d434e95dc8c960cc3a63d65d00ba20
  languageName: node
  linkType: hard

"wrap-ansi@npm:^9.0.0":
  version: 9.0.0
  resolution: "wrap-ansi@npm:9.0.0"
  dependencies:
    ansi-styles: "npm:^6.2.1"
    string-width: "npm:^7.0.0"
    strip-ansi: "npm:^7.1.0"
  checksum: 10c0/a139b818da9573677548dd463bd626a5a5286271211eb6e4e82f34a4f643191d74e6d4a9bb0a3c26ec90e6f904f679e0569674ac099ea12378a8b98e20706066
  languageName: node
  linkType: hard

"yocto-queue@npm:^0.1.0":
  version: 0.1.0
  resolution: "yocto-queue@npm:0.1.0"
  checksum: 10c0/dceb44c28578b31641e13695d200d34ec4ab3966a5729814d5445b194933c096b7ced71494ce53a0e8820685d1d010df8b2422e5bf2cdea7e469d97ffbea306f
  languageName: node
  linkType: hard

"yocto-queue@npm:^1.0.0":
  version: 1.2.1
  resolution: "yocto-queue@npm:1.2.1"
  checksum: 10c0/5762caa3d0b421f4bdb7a1926b2ae2189fc6e4a14469258f183600028eb16db3e9e0306f46e8ebf5a52ff4b81a881f22637afefbef5399d6ad440824e9b27f9f
  languageName: node
  linkType: hard
